
Microsoft Visual Studio Solution File, Format Version 12.00
# Visual Studio Version 17
VisualStudioVersion = 17.0.31903.59
MinimumVisualStudioVersion = 10.0.40219.1
Project("{9A19103F-16F7-4668-BE54-9A1E7A4F7556}") = "UsersApiSolution", "UsersApiSolution\UsersApiSolution.csproj", "{7789A34C-5624-47B9-B1E7-3A0B7E16B0F3}"
EndProject
Project("{9A19103F-16F7-4668-BE54-9A1E7A4F7556}") = "Tests", "Tests\Tests.csproj", "{25F5EB5F-08E1-47E6-BD46-D1EA36EDF4E8}"
EndProject
Global
	GlobalSection(SolutionConfigurationPlatforms) = preSolution
		Debug|Any CPU = Debug|Any CPU
		Release|Any CPU = Release|Any CPU
	EndGlobalSection
	GlobalSection(ProjectConfigurationPlatforms) = postSolution
		{7789A34C-5624-47B9-B1E7-3A0B7E16B0F3}.Debug|Any CPU.ActiveCfg = Debug|Any CPU
		{7789A34C-5624-47B9-B1E7-3A0B7E16B0F3}.Debug|Any CPU.Build.0 = Debug|Any CPU
		{7789A34C-5624-47B9-B1E7-3A0B7E16B0F3}.Release|Any CPU.ActiveCfg = Release|Any CPU
		{7789A34C-5624-47B9-B1E7-3A0B7E16B0F3}.Release|Any CPU.Build.0 = Release|Any CPU
		{25F5EB5F-08E1-47E6-BD46-D1EA36EDF4E8}.Debug|Any CPU.ActiveCfg = Debug|Any CPU
		{25F5EB5F-08E1-47E6-BD46-D1EA36EDF4E8}.Debug|Any CPU.Build.0 = Debug|Any CPU
		{25F5EB5F-08E1-47E6-BD46-D1EA36EDF4E8}.Release|Any CPU.ActiveCfg = Release|Any CPU
		{25F5EB5F-08E1-47E6-BD46-D1EA36EDF4E8}.Release|Any CPU.Build.0 = Release|Any CPU
	EndGlobalSection
	GlobalSection(SolutionProperties) = preSolution
		HideSolutionNode = FALSE
	EndGlobalSection
	GlobalSection(ExtensibilityGlobals) = postSolution
		SolutionGuid = {6BC707E2-9DFE-442D-9781-4E6EAAE78380}
	EndGlobalSection
EndGlobal
